
Microsoft Visual Studio Solution File, Format Version 12.00
# Visual Studio Version 16
VisualStudioVersion = 16.0.31515.178
MinimumVisualStudioVersion = 10.0.40219.1
Project("{9A19103F-16F7-4668-BE54-9A1E7A4F7556}") = "learningProject", "learningProject.csproj", "{81C29B21-FF1C-4264-8A63-9A10D35E33CD}"
EndProject
Global
	GlobalSection(SolutionConfigurationPlatforms) = preSolution
		Debug|Any CPU = Debug|Any CPU
		Release|Any CPU = Release|Any CPU
	EndGlobalSection
	GlobalSection(ProjectConfigurationPlatforms) = postSolution
		{81C29B21-FF1C-4264-8A63-9A10D35E33CD}.Debug|Any CPU.ActiveCfg = Debug|Any CPU
		{81C29B21-FF1C-4264-8A63-9A10D35E33CD}.Debug|Any CPU.Build.0 = Debug|Any CPU
		{81C29B21-FF1C-4264-8A63-9A10D35E33CD}.Release|Any CPU.ActiveCfg = Release|Any CPU
		{81C29B21-FF1C-4264-8A63-9A10D35E33CD}.Release|Any CPU.Build.0 = Release|Any CPU
	EndGlobalSection
	GlobalSection(SolutionProperties) = preSolution
		HideSolutionNode = FALSE
	EndGlobalSection
	GlobalSection(ExtensibilityGlobals) = postSolution
		SolutionGuid = {1560D35E-11FC-4531-933B-067DDD6E63C7}
	EndGlobalSection
EndGlobal
